#MicroXplorer Configuration settings - do not modify
ADC1.Channel-0\#ChannelRegularConversion=ADC_CHANNEL_0
ADC1.IPParameters=Rank-0\#ChannelRegularConversion,master,Channel-0\#ChannelRegularConversion,SamplingTime-0\#ChannelRegularConversion,NbrOfConversionFlag
ADC1.NbrOfConversionFlag=1
ADC1.Rank-0\#ChannelRegularConversion=1
ADC1.SamplingTime-0\#ChannelRegularConversion=ADC_SAMPLETIME_3CYCLES
ADC1.master=1
ADC2.Channel-0\#ChannelRegularConversion=ADC_CHANNEL_1
ADC2.IPParameters=Rank-0\#ChannelRegularConversion,Channel-0\#ChannelRegularConversion,SamplingTime-0\#ChannelRegularConversion,NbrOfConversionFlag
ADC2.NbrOfConversionFlag=1
ADC2.Rank-0\#ChannelRegularConversion=1
ADC2.SamplingTime-0\#ChannelRegularConversion=ADC_SAMPLETIME_3CYCLES
CAD.formats=[{"id"\:"kicad","cad_product"\:"KiCad","cad_family"\:"KiCad"}]
CAD.pinconfig=Dual
CAD.provider=Component Search Engine
CORTEX_M7.IPParameters=default_mode_Activation
CORTEX_M7.default_mode_Activation=1
FATFS.BSP.number=1
FATFS.IPParameters=_USE_LFN
FATFS._USE_LFN=2
FATFS0.BSP.STBoard=false
FATFS0.BSP.api=Unknown
FATFS0.BSP.component=
FATFS0.BSP.condition=
FATFS0.BSP.instance=PD15
FATFS0.BSP.ip=GPIO
FATFS0.BSP.mode=Input
FATFS0.BSP.name=Detect_SDIO
FATFS0.BSP.semaphore=
FATFS0.BSP.solution=PD15
FREERTOS.FootprintOK=true
FREERTOS.IPParameters=Tasks01,FootprintOK
FREERTOS.Tasks01=defaultTask,24,512,StartDefaultTask,Default,NULL,Dynamic,NULL,NULL
File.Version=6
GPIO.groupedBy=Group By Peripherals
KeepUserPlacement=false
Mcu.CPN=STM32F765VIT7
Mcu.Family=STM32F7
Mcu.IP0=ADC1
Mcu.IP1=ADC2
Mcu.IP10=SDMMC1
Mcu.IP11=SPI1
Mcu.IP12=SYS
Mcu.IP13=UART4
Mcu.IP14=UART5
Mcu.IP15=UART7
Mcu.IP16=UART8
Mcu.IP17=USART1
Mcu.IP18=USART3
Mcu.IP2=CORTEX_M7
Mcu.IP3=FATFS
Mcu.IP4=FREERTOS
Mcu.IP5=I2C1
Mcu.IP6=I2C2
Mcu.IP7=NVIC
Mcu.IP8=RCC
Mcu.IP9=RNG
Mcu.IPNb=19
Mcu.Name=STM32F765V(G-I)Tx
Mcu.Package=LQFP100
Mcu.Pin0=PA0/WKUP
Mcu.Pin1=PA1
Mcu.Pin10=PB13
Mcu.Pin11=PB14
Mcu.Pin12=PB15
Mcu.Pin13=PD8
Mcu.Pin14=PD9
Mcu.Pin15=PD12
Mcu.Pin16=PD13
Mcu.Pin17=PD15
Mcu.Pin18=PC6
Mcu.Pin19=PC8
Mcu.Pin2=PA5
Mcu.Pin20=PC9
Mcu.Pin21=PA11
Mcu.Pin22=PA12
Mcu.Pin23=PA13
Mcu.Pin24=PA14
Mcu.Pin25=PC10
Mcu.Pin26=PC11
Mcu.Pin27=PC12
Mcu.Pin28=PD2
Mcu.Pin29=PB3
Mcu.Pin3=PA6
Mcu.Pin30=PB6
Mcu.Pin31=PB7
Mcu.Pin32=PE0
Mcu.Pin33=PE1
Mcu.Pin34=VP_FATFS_VS_SDIO
Mcu.Pin35=VP_FREERTOS_VS_CMSIS_V2
Mcu.Pin36=VP_RNG_VS_RNG
Mcu.Pin37=VP_SYS_VS_tim1
Mcu.Pin4=PA7
Mcu.Pin5=PE7
Mcu.Pin6=PE8
Mcu.Pin7=PB10
Mcu.Pin8=PB11
Mcu.Pin9=PB12
Mcu.PinsNb=38
Mcu.ThirdPartyNb=0
Mcu.UserConstants=
Mcu.UserName=STM32F765VITx
MxCube.Version=6.17.0
MxDb.Version=DB.6.0.170
NVIC.BusFault_IRQn=true\:0\:0\:false\:false\:true\:false\:false\:false\:false
NVIC.DebugMonitor_IRQn=true\:0\:0\:false\:false\:true\:false\:false\:false\:false
NVIC.ForceEnableDMAVector=true
NVIC.HardFault_IRQn=true\:0\:0\:false\:false\:true\:false\:false\:false\:false
NVIC.MemoryManagement_IRQn=true\:0\:0\:false\:false\:true\:false\:false\:false\:false
NVIC.NonMaskableInt_IRQn=true\:0\:0\:false\:false\:true\:false\:false\:false\:false
NVIC.PendSV_IRQn=true\:15\:0\:false\:false\:false\:true\:false\:false\:false
NVIC.PriorityGroup=NVIC_PRIORITYGROUP_4
NVIC.SDMMC1_IRQn=true\:5\:0\:false\:false\:true\:true\:true\:true\:true
NVIC.SVCall_IRQn=true\:0\:0\:false\:false\:false\:false\:false\:false\:false
NVIC.SavedPendsvIrqHandlerGenerated=true
NVIC.SavedSvcallIrqHandlerGenerated=true
NVIC.SavedSystickIrqHandlerGenerated=true
NVIC.SysTick_IRQn=true\:15\:0\:false\:false\:false\:true\:false\:true\:false
NVIC.TIM1_UP_TIM10_IRQn=true\:15\:0\:false\:false\:true\:false\:false\:true\:true
NVIC.TimeBase=TIM1_UP_TIM10_IRQn
NVIC.TimeBaseIP=TIM1
NVIC.UsageFault_IRQn=true\:0\:0\:false\:false\:true\:false\:false\:false\:false
PA0/WKUP.Signal=ADCx_IN0
PA1.Signal=ADCx_IN1
PA11.Mode=Asynchronous
PA11.Signal=UART4_RX
PA12.Mode=Asynchronous
PA12.Signal=UART4_TX
PA13.Mode=Trace_Asynchronous_SW
PA13.Signal=SYS_JTMS-SWDIO
PA14.Mode=Trace_Asynchronous_SW
PA14.Signal=SYS_JTCK-SWCLK
PA5.Mode=Full_Duplex_Master
PA5.Signal=SPI1_SCK
PA6.Mode=Full_Duplex_Master
PA6.Signal=SPI1_MISO
PA7.Mode=Full_Duplex_Master
PA7.Signal=SPI1_MOSI
PB10.Mode=I2C
PB10.Signal=I2C2_SCL
PB11.Mode=I2C
PB11.Signal=I2C2_SDA
PB12.Mode=Asynchronous
PB12.Signal=UART5_RX
PB13.Mode=Asynchronous
PB13.Signal=UART5_TX
PB14.Mode=Asynchronous
PB14.Signal=USART1_TX
PB15.Mode=Asynchronous
PB15.Signal=USART1_RX
PB3.Mode=Trace_Asynchronous_SW
PB3.Signal=SYS_JTDO-SWO
PB6.Mode=I2C
PB6.Signal=I2C1_SCL
PB7.Mode=I2C
PB7.Signal=I2C1_SDA
PC10.Mode=SD_4_bits_Wide_bus
PC10.Signal=SDMMC1_D2
PC11.Mode=SD_4_bits_Wide_bus
PC11.Signal=SDMMC1_D3
PC12.Mode=SD_4_bits_Wide_bus
PC12.Signal=SDMMC1_CK
PC6.GPIOParameters=GPIO_Label
PC6.GPIO_Label=LED
PC6.Locked=true
PC6.Signal=S_TIM3_CH1
PC8.Mode=SD_4_bits_Wide_bus
PC8.Signal=SDMMC1_D0
PC9.Mode=SD_4_bits_Wide_bus
PC9.Signal=SDMMC1_D1
PCC.Checker=false
PCC.Display=Plot\: All Steps
PCC.Line=STM32F7x5
PCC.MCU=STM32F765V(G-I)Tx
PCC.PartNumber=STM32F765VITx
PCC.Series=STM32F7
PCC.Temperature=25
PCC.Vdd=3.3
PD12.GPIOParameters=GPIO_Label
PD12.GPIO_Label=THRR
PD12.Locked=true
PD12.Signal=S_TIM4_CH1
PD13.GPIOParameters=GPIO_Label
PD13.GPIO_Label=THRL
PD13.Locked=true
PD13.Signal=S_TIM4_CH2
PD15.GPIOParameters=GPIO_Label
PD15.GPIO_Label=SD_Detect
PD15.Locked=true
PD15.Signal=GPIO_Input
PD2.Mode=SD_4_bits_Wide_bus
PD2.Signal=SDMMC1_CMD
PD8.Mode=Asynchronous
PD8.Signal=USART3_TX
PD9.Mode=Asynchronous
PD9.Signal=USART3_RX
PE0.Mode=Asynchronous
PE0.Signal=UART8_RX
PE1.Mode=Asynchronous
PE1.Signal=UART8_TX
PE7.Mode=Asynchronous
PE7.Signal=UART7_RX
PE8.Mode=Asynchronous
PE8.Signal=UART7_TX
PinOutPanel.RotationAngle=0
ProjectManager.AskForMigrate=true
ProjectManager.BackupPrevious=false
ProjectManager.CompilerLinker=GCC
ProjectManager.CompilerOptimize=6
ProjectManager.ComputerToolchain=false
ProjectManager.CoupleFile=false
ProjectManager.CustomerFirmwarePackage=
ProjectManager.DefaultFWLocation=true
ProjectManager.DeletePrevious=true
ProjectManager.DeviceId=STM32F765VITx
ProjectManager.FirmwarePackage=STM32Cube FW_F7 V1.17.4
ProjectManager.FreePins=false
ProjectManager.FreePinsContext=
ProjectManager.HalAssertFull=false
ProjectManager.HeapSize=0x200
ProjectManager.KeepUserCode=true
ProjectManager.LastFirmware=true
ProjectManager.LibraryCopy=1
ProjectManager.MainLocation=Core/Src
ProjectManager.NoMain=false
ProjectManager.PreviousToolchain=
ProjectManager.ProjectBuild=false
ProjectManager.ProjectFileName=firmware.ioc
ProjectManager.ProjectName=firmware
ProjectManager.ProjectStructure=
ProjectManager.RegisterCallBack=
ProjectManager.StackSize=0x400
ProjectManager.TargetToolchain=CMake
ProjectManager.ToolChainLocation=
ProjectManager.UAScriptAfterPath=
ProjectManager.UAScriptBeforePath=
ProjectManager.UnderRoot=false
ProjectManager.functionlistsort=1-SystemClock_Config-RCC-false-HAL-false,2-MX_GPIO_Init-GPIO-false-HAL-true,3-MX_ADC1_Init-ADC1-false-HAL-true,4-MX_ADC2_Init-ADC2-false-HAL-true,5-MX_I2C1_Init-I2C1-false-HAL-true,6-MX_I2C2_Init-I2C2-false-HAL-true,7-MX_RNG_Init-RNG-false-HAL-true,8-MX_SDMMC1_SD_Init-SDMMC1-false-HAL-true,9-MX_SPI1_Init-SPI1-false-HAL-true,10-MX_UART4_Init-UART4-false-HAL-true,11-MX_UART5_Init-UART5-false-HAL-true,12-MX_UART7_Init-UART7-false-HAL-true,13-MX_UART8_Init-UART8-false-HAL-true,14-MX_USART1_UART_Init-USART1-false-HAL-true,15-MX_USART3_UART_Init-USART3-false-HAL-true,16-MX_FATFS_Init-FATFS-false-HAL-false,0-MX_CORTEX_M7_Init-CORTEX_M7-false-HAL-true
RCC.CECFreq_Value=32786.88524590164
RCC.DFSDMAudioFreq_Value=192000000
RCC.DFSDMFreq_Value=16000000
RCC.FamilyName=M
RCC.HSE_VALUE=25000000
RCC.HSI_VALUE=16000000
RCC.I2SFreq_Value=192000000
RCC.IPParameters=CECFreq_Value,DFSDMAudioFreq_Value,DFSDMFreq_Value,FamilyName,HSE_VALUE,HSI_VALUE,I2SFreq_Value,LSE_VALUE,LSI_VALUE,PLLCLKFreq_Value,PLLI2SPCLKFreq_Value,PLLI2SQCLKFreq_Value,PLLI2SRCLKFreq_Value,PLLI2SRoutputFreq_Value,PLLM,PLLN,PLLQ,PLLQCLKFreq_Value,PLLQoutputFreq_Value,PLLRFreq_Value,PLLSAIPCLKFreq_Value,PLLSAIQCLKFreq_Value,PLLSAIRCLKFreq_Value,PLLSAIoutputFreq_Value,RNGFreq_Value,SAI1Freq_Value,SAI2Freq_Value,SDMMC2Freq_Value,SDMMCFreq_Value,SPDIFRXFreq_Value,USBFreq_Value,VCOI2SOutputFreq_Value,VCOInputFreq_Value,VCOOutputFreq_Value,VCOSAIOutputFreq_Value
RCC.LSE_VALUE=32768
RCC.LSI_VALUE=32000
RCC.PLLCLKFreq_Value=96000000
RCC.PLLI2SPCLKFreq_Value=192000000
RCC.PLLI2SQCLKFreq_Value=192000000
RCC.PLLI2SRCLKFreq_Value=192000000
RCC.PLLI2SRoutputFreq_Value=192000000
RCC.PLLM=8
RCC.PLLN=96
RCC.PLLQ=4
RCC.PLLQCLKFreq_Value=48000000
RCC.PLLQoutputFreq_Value=48000000
RCC.PLLRFreq_Value=96000000
RCC.PLLSAIPCLKFreq_Value=192000000
RCC.PLLSAIQCLKFreq_Value=192000000
RCC.PLLSAIRCLKFreq_Value=192000000
RCC.PLLSAIoutputFreq_Value=192000000
RCC.RNGFreq_Value=48000000
RCC.SAI1Freq_Value=192000000
RCC.SAI2Freq_Value=192000000
RCC.SDMMC2Freq_Value=16000000
RCC.SDMMCFreq_Value=16000000
RCC.SPDIFRXFreq_Value=192000000
RCC.USBFreq_Value=48000000
RCC.VCOI2SOutputFreq_Value=384000000
RCC.VCOInputFreq_Value=2000000
RCC.VCOOutputFreq_Value=192000000
RCC.VCOSAIOutputFreq_Value=384000000
SDMMC1.ClockDiv=4
SDMMC1.IPParameters=ClockDiv
SH.ADCx_IN0.0=ADC1_IN0,IN0
SH.ADCx_IN0.ConfNb=1
SH.ADCx_IN1.0=ADC2_IN1,IN1
SH.ADCx_IN1.ConfNb=1
SH.S_TIM3_CH1.0=TIM3_CH1
SH.S_TIM3_CH1.ConfNb=1
SH.S_TIM4_CH1.0=TIM4_CH1
SH.S_TIM4_CH1.ConfNb=1
SH.S_TIM4_CH2.0=TIM4_CH2
SH.S_TIM4_CH2.ConfNb=1
SPI1.CalculateBaudRate=8.0 MBits/s
SPI1.Direction=SPI_DIRECTION_2LINES
SPI1.IPParameters=VirtualType,Mode,Direction,CalculateBaudRate
SPI1.Mode=SPI_MODE_MASTER
SPI1.VirtualType=VM_MASTER
USART1.IPParameters=VirtualMode-Asynchronous
USART1.VirtualMode-Asynchronous=VM_ASYNC
USART3.IPParameters=VirtualMode-Asynchronous
USART3.VirtualMode-Asynchronous=VM_ASYNC
VP_FATFS_VS_SDIO.Mode=SDIO
VP_FATFS_VS_SDIO.Signal=FATFS_VS_SDIO
VP_FREERTOS_VS_CMSIS_V2.Mode=CMSIS_V2
VP_FREERTOS_VS_CMSIS_V2.Signal=FREERTOS_VS_CMSIS_V2
VP_RNG_VS_RNG.Mode=RNG_Activate
VP_RNG_VS_RNG.Signal=RNG_VS_RNG
VP_SYS_VS_tim1.Mode=TIM1
VP_SYS_VS_tim1.Signal=SYS_VS_tim1
board=custom
rtos.0.ip=FREERTOS
